
Microsoft Visual Studio Solution File, Format Version 12.00
# Visual Studio Version 17
VisualStudioVersion = 17.6.33723.286
MinimumVisualStudioVersion = 10.0.40219.1
Project("{8BC9CEB8-8B4A-11D0-8D11-00A0C91BC942}") = "editor", "projects\editor\editor.vcxproj", "{DE2ECEFD-EF8E-42D7-9DD1-D9D289CC5138}"
EndProject
Project("{8BC9CEB8-8B4A-11D0-8D11-00A0C91BC942}") = "server", "projects\server\server.vcxproj", "{CD3B06D9-D9FD-4B9B-8422-70350D3E0E87}"
EndProject
Global
	GlobalSection(SolutionConfigurationPlatforms) = preSolution
		Debug|x64 = Debug|x64
		Debug|x86 = Debug|x86
		DebugRender|x64 = DebugRender|x64
		DebugRender|x86 = DebugRender|x86
		Release|x64 = Release|x64
		Release|x86 = Release|x86
	EndGlobalSection
	GlobalSection(ProjectConfigurationPlatforms) = postSolution
		{DE2ECEFD-EF8E-42D7-9DD1-D9D289CC5138}.Debug|x64.ActiveCfg = Debug|x64
		{DE2ECEFD-EF8E-42D7-9DD1-D9D289CC5138}.Debug|x64.Build.0 = Debug|x64
		{DE2ECEFD-EF8E-42D7-9DD1-D9D289CC5138}.Debug|x86.ActiveCfg = Debug|Win32
		{DE2ECEFD-EF8E-42D7-9DD1-D9D289CC5138}.Debug|x86.Build.0 = Debug|Win32
		{DE2ECEFD-EF8E-42D7-9DD1-D9D289CC5138}.DebugRender|x64.ActiveCfg = DebugRender|x64
		{DE2ECEFD-EF8E-42D7-9DD1-D9D289CC5138}.DebugRender|x64.Build.0 = DebugRender|x64
		{DE2ECEFD-EF8E-42D7-9DD1-D9D289CC5138}.DebugRender|x86.ActiveCfg = DebugRender|Win32
		{DE2ECEFD-EF8E-42D7-9DD1-D9D289CC5138}.DebugRender|x86.Build.0 = DebugRender|Win32
		{DE2ECEFD-EF8E-42D7-9DD1-D9D289CC5138}.Release|x64.ActiveCfg = Release|x64
		{DE2ECEFD-EF8E-42D7-9DD1-D9D289CC5138}.Release|x64.Build.0 = Release|x64
		{DE2ECEFD-EF8E-42D7-9DD1-D9D289CC5138}.Release|x86.ActiveCfg = Release|Win32
		{DE2ECEFD-EF8E-42D7-9DD1-D9D289CC5138}.Release|x86.Build.0 = Release|Win32
		{CD3B06D9-D9FD-4B9B-8422-70350D3E0E87}.Debug|x64.ActiveCfg = Debug|x64
		{CD3B06D9-D9FD-4B9B-8422-70350D3E0E87}.Debug|x64.Build.0 = Debug|x64
		{CD3B06D9-D9FD-4B9B-8422-70350D3E0E87}.Debug|x86.ActiveCfg = Debug|Win32
		{CD3B06D9-D9FD-4B9B-8422-70350D3E0E87}.Debug|x86.Build.0 = Debug|Win32
		{CD3B06D9-D9FD-4B9B-8422-70350D3E0E87}.DebugRender|x64.ActiveCfg = Debug|x64
		{CD3B06D9-D9FD-4B9B-8422-70350D3E0E87}.DebugRender|x64.Build.0 = Debug|x64
		{CD3B06D9-D9FD-4B9B-8422-70350D3E0E87}.DebugRender|x86.ActiveCfg = DebugRender|Win32
		{CD3B06D9-D9FD-4B9B-8422-70350D3E0E87}.DebugRender|x86.Build.0 = DebugRender|Win32
		{CD3B06D9-D9FD-4B9B-8422-70350D3E0E87}.Release|x64.ActiveCfg = Release|x64
		{CD3B06D9-D9FD-4B9B-8422-70350D3E0E87}.Release|x64.Build.0 = Release|x64
		{CD3B06D9-D9FD-4B9B-8422-70350D3E0E87}.Release|x86.ActiveCfg = Release|Win32
		{CD3B06D9-D9FD-4B9B-8422-70350D3E0E87}.Release|x86.Build.0 = Release|Win32
	EndGlobalSection
	GlobalSection(SolutionProperties) = preSolution
		HideSolutionNode = FALSE
	EndGlobalSection
	GlobalSection(ExtensibilityGlobals) = postSolution
		SolutionGuid = {D8E4B4C8-CAFD-41B3-9D1A-88D92458C7C4}
	EndGlobalSection
EndGlobal
